
Microsoft Visual Studio Solution File, Format Version 12.00
# Visual Studio 15
VisualStudioVersion = 15.0.28307.1145
MinimumVisualStudioVersion = 10.0.40219.1
Project("{FAE04EC0-301F-11D3-BF4B-00C04F79EFBC}") = "农产品物流管理系统", "农产品物流管理系统.csproj", "{DDE5A0FA-0109-401A-BF4A-D73B57A6859E}"
EndProject
Global
	GlobalSection(SolutionConfigurationPlatforms) = preSolution
		Debug|Any CPU = Debug|Any CPU
		Release|Any CPU = Release|Any CPU
	EndGlobalSection
	GlobalSection(ProjectConfigurationPlatforms) = postSolution
		{DDE5A0FA-0109-401A-BF4A-D73B57A6859E}.Debug|Any CPU.ActiveCfg = Debug|Any CPU
		{DDE5A0FA-0109-401A-BF4A-D73B57A6859E}.Debug|Any CPU.Build.0 = Debug|Any CPU
		{DDE5A0FA-0109-401A-BF4A-D73B57A6859E}.Release|Any CPU.ActiveCfg = Release|Any CPU
		{DDE5A0FA-0109-401A-BF4A-D73B57A6859E}.Release|Any CPU.Build.0 = Release|Any CPU
	EndGlobalSection
	GlobalSection(SolutionProperties) = preSolution
		HideSolutionNode = FALSE
	EndGlobalSection
	GlobalSection(ExtensibilityGlobals) = postSolution
		SolutionGuid = {B0D603D9-E7DC-4708-A6F7-313B6038F7B1}
	EndGlobalSection
EndGlobal
